Microsoft Visual Studio Solution File, Format Version 12.00
# Visual Studio Version 17
VisualStudioVersion = 17.5.2.0
MinimumVisualStudioVersion = 10.0.40219.1
Project("{2150E333-8FDC-42A3-9474-1A3956D46DE8}") = "ng-api", "ng-api", "{E49707CC-30E5-6058-52C7-518566226309}"
EndProject
Project("{FAE04EC0-301F-11D3-BF4B-00C04F79EFBC}") = "ReconmapNg", "ng-api\ReconmapNg.csproj", "{BE465BFF-AD6A-AC44-67CE-7B0FA786F873}"
EndProject
Global
	GlobalSection(SolutionConfigurationPlatforms) = preSolution
		Debug|Any CPU = Debug|Any CPU
		Release|Any CPU = Release|Any CPU
	EndGlobalSection
	GlobalSection(ProjectConfigurationPlatforms) = postSolution
		{BE465BFF-AD6A-AC44-67CE-7B0FA786F873}.Debug|Any CPU.ActiveCfg = Debug|Any CPU
		{BE465BFF-AD6A-AC44-67CE-7B0FA786F873}.Debug|Any CPU.Build.0 = Debug|Any CPU
		{BE465BFF-AD6A-AC44-67CE-7B0FA786F873}.Release|Any CPU.ActiveCfg = Release|Any CPU
		{BE465BFF-AD6A-AC44-67CE-7B0FA786F873}.Release|Any CPU.Build.0 = Release|Any CPU
	EndGlobalSection
	GlobalSection(SolutionProperties) = preSolution
		HideSolutionNode = FALSE
	EndGlobalSection
	GlobalSection(NestedProjects) = preSolution
		{BE465BFF-AD6A-AC44-67CE-7B0FA786F873} = {E49707CC-30E5-6058-52C7-518566226309}
	EndGlobalSection
	GlobalSection(ExtensibilityGlobals) = postSolution
		SolutionGuid = {74BAE1D1-8A96-423D-BABF-72EAE5CDBFF0}
	EndGlobalSection
EndGlobal
